PODS:
  - Crashlytics (3.13.2):
    - Fabric (~> 1.10.2)
  - Differentiator (4.0.1)
  - Fabric (1.10.2)
  - FacebookCore (0.7.0):
    - FBSDKCoreKit (~> 5.0)
  - FacebookSDK (5.0.2):
    - FacebookSDK/CoreKit (= 5.0.2)
    - FacebookSDK/MarketingKit (= 5.0.2)
  - FacebookSDK/CoreKit (5.0.2):
    - FBSDKCoreKit (~> 5.0)
  - FacebookSDK/MarketingKit (5.0.2):
    - FacebookSDK/CoreKit
    - FBSDKMarketingKit (~> 5.0)
  - FBSDKCoreKit (5.0.0):
    - FBSDKCoreKit/Basics (= 5.0.0)
    - FBSDKCoreKit/Core (= 5.0.0)
  - FBSDKCoreKit/Basics (5.0.0)
  - FBSDKCoreKit/Core (5.0.0):
    - FBSDKCoreKit/Basics
  - FBSDKMarketingKit (5.0.0):
    - FBSDKCoreKit (= 5.0.0)
  - GoogleMaps (3.1.0):
    - GoogleMaps/Maps (= 3.1.0)
  - GoogleMaps/Base (3.1.0)
  - GoogleMaps/Maps (3.1.0):
    - GoogleMaps/Base
  - Kingfisher (5.6.0)
  - RxCocoa (5.0.0):
    - RxRelay (~> 5)
    - RxSwift (~> 5)
  - RxDataSources (4.0.1):
    - Differentiator (~> 4.0)
    - RxCocoa (~> 5.0)
    - RxSwift (~> 5.0)
  - RxRelay (5.0.0):
    - RxSwift (~> 5)
  - RxSwift (5.0.0)

DEPENDENCIES:
  - Crashlytics
  - Fabric
  - FacebookCore
  - FacebookSDK
  - GoogleMaps
  - Kingfisher (~> 5.6.0)
  - RxCocoa (~> 5.0.0)
  - RxDataSources (~> 4.0.1)
  - RxSwift (~> 5.0.0)

SPEC REPOS:
  https://github.com/cocoapods/specs.git:
    - Crashlytics
    - Differentiator
    - Fabric
    - FacebookCore
    - FacebookSDK
    - FBSDKCoreKit
    - FBSDKMarketingKit
    - GoogleMaps
    - Kingfisher
    - RxCocoa
    - RxDataSources
    - RxRelay
    - RxSwift

SPEC CHECKSUMS:
  Crashlytics: 611738c7847f8291a1a51084e35987b86ba6b3ee
  Differentiator: 886080237d9f87f322641dedbc5be257061b0602
  Fabric: 706c8b8098fff96c33c0db69cbf81f9c551d0d74
  FacebookCore: 4eee98476cb37a485af5d337eb21f8cd5b3c7e6c
  FacebookSDK: 94a2aee31c90d6bd32069ccbd7d830cb11438153
  FBSDKCoreKit: ba361d4a9d4dc29ff218822b849b22d4f869c7bb
  FBSDKMarketingKit: 4b8d3c6b53b5397cd0b6ba39b1e7034bc9f3a45e
  GoogleMaps: 5c13302e6fe6bb6e686b267196586b91cd594225
  Kingfisher: 1a50df6880a60bae26f3e21a0df3d17b892f5e0b
  RxCocoa: fcf32050ac00d801f34a7f71d5e8e7f23026dcd8
  RxDataSources: efee07fa4de48477eca0a4611e6d11e2da9c1114
  RxRelay: 4f7409406a51a55cd88483f21ed898c234d60f18
  RxSwift: 8b0671caa829a763bbce7271095859121cbd895f

PODFILE CHECKSUM: 9b12e9ecf2eda0af70f4ac5db52d62679c8d458f

COCOAPODS: 1.5.3
