// !$*UTF8*$!
{
	archiveVersion = 1;
	classes = {
	};
	objectVersion = 50;
	objects = {

/* Begin PBXBuildFile section */
		08C9A8DB21CCE2E60087140E /* AppDelegate.swift in Sources */ = {isa = PBXBuildFile; fileRef = 08C9A8DA21CCE2E60087140E /* AppDelegate.swift */; };
		08C9A8E221CCE2E60087140E /* Main.storyboard in Resources */ = {isa = PBXBuildFile; fileRef = 08C9A8E021CCE2E60087140E /* Main.storyboard */; };
		08C9A8E721CCE2E70087140E /* LaunchScreen.storyboard in Resources */ = {isa = PBXBuildFile; fileRef = 08C9A8E521CCE2E70087140E /* LaunchScreen.storyboard */; };
		08C9A8F121CCE44F0087140E /* BaseTabBarControllerViewController.swift in Sources */ = {isa = PBXBuildFile; fileRef = 08C9A8F021CCE44F0087140E /* BaseTabBarControllerViewController.swift */; };
		08C9A8F321CCE4E30087140E /* MapViewController.swift in Sources */ = {isa = PBXBuildFile; fileRef = 08C9A8F221CCE4E30087140E /* MapViewController.swift */; };
		08C9A8F521CCE4F00087140E /* PlacesViewController.swift in Sources */ = {isa = PBXBuildFile; fileRef = 08C9A8F421CCE4F00087140E /* PlacesViewController.swift */; };
		08C9A8F721CCE5180087140E /* ToursViewController.swift in Sources */ = {isa = PBXBuildFile; fileRef = 08C9A8F621CCE5180087140E /* ToursViewController.swift */; };
		08C9A8F921CCE5280087140E /* InfosViewController.swift in Sources */ = {isa = PBXBuildFile; fileRef = 08C9A8F821CCE5280087140E /* InfosViewController.swift */; };
		08C9A8FD21CCE8630087140E /* UIColor+Extensions.swift in Sources */ = {isa = PBXBuildFile; fileRef = 08C9A8FC21CCE8630087140E /* UIColor+Extensions.swift */; };
		08D8319421D26FDB00C7620D /* UIView+extensions.swift in Sources */ = {isa = PBXBuildFile; fileRef = 08D8319321D26FDB00C7620D /* UIView+extensions.swift */; };
		08D8319621D2717300C7620D /* Assets.xcassets in Resources */ = {isa = PBXBuildFile; fileRef = 08D8319521D2717300C7620D /* Assets.xcassets */; };
		5E8FA69B38064ADD59CD00AF /* BaseViewController.swift in Sources */ = {isa = PBXBuildFile; fileRef = 5E8FA3AD468D0AFC05749642 /* BaseViewController.swift */; };
		D16294ED3BD972A9AA397C9C /* Pods_TropicGuide.framework in Frameworks */ = {isa = PBXBuildFile; fileRef = 7FDAAD4B97725904EF8FDD9E /* Pods_TropicGuide.framework */; };
/* End PBXBuildFile section */

/* Begin PBXFileReference section */
		08C9A8D721CCE2E60087140E /* TropicGuide.app */ = {isa = PBXFileReference; explicitFileType = wrapper.application; includeInIndex = 0; path = TropicGuide.app; sourceTree = BUILT_PRODUCTS_DIR; };
		08C9A8DA21CCE2E60087140E /* AppDelegate.swift */ = {isa = PBXFileReference; lastKnownFileType = sourcecode.swift; path = AppDelegate.swift; sourceTree = "<group>"; };
		08C9A8E121CCE2E60087140E /* Base */ = {isa = PBXFileReference; lastKnownFileType = file.storyboard; name = Base; path = Base.lproj/Main.storyboard; sourceTree = "<group>"; };
		08C9A8E621CCE2E70087140E /* Base */ = {isa = PBXFileReference; lastKnownFileType = file.storyboard; name = Base; path = Base.lproj/LaunchScreen.storyboard; sourceTree = "<group>"; };
		08C9A8E821CCE2E70087140E /* Info.plist */ = {isa = PBXFileReference; lastKnownFileType = text.plist.xml; path = Info.plist; sourceTree = "<group>"; };
		08C9A8F021CCE44F0087140E /* BaseTabBarControllerViewController.swift */ = {isa = PBXFileReference; lastKnownFileType = sourcecode.swift; path = BaseTabBarControllerViewController.swift; sourceTree = "<group>"; };
		08C9A8F221CCE4E30087140E /* MapViewController.swift */ = {isa = PBXFileReference; lastKnownFileType = sourcecode.swift; path = MapViewController.swift; sourceTree = "<group>"; };
		08C9A8F421CCE4F00087140E /* PlacesViewController.swift */ = {isa = PBXFileReference; lastKnownFileType = sourcecode.swift; path = PlacesViewController.swift; sourceTree = "<group>"; };
		08C9A8F621CCE5180087140E /* ToursViewController.swift */ = {isa = PBXFileReference; lastKnownFileType = sourcecode.swift; path = ToursViewController.swift; sourceTree = "<group>"; };
		08C9A8F821CCE5280087140E /* InfosViewController.swift */ = {isa = PBXFileReference; lastKnownFileType = sourcecode.swift; path = InfosViewController.swift; sourceTree = "<group>"; };
		08C9A8FC21CCE8630087140E /* UIColor+Extensions.swift */ = {isa = PBXFileReference; lastKnownFileType = sourcecode.swift; path = "UIColor+Extensions.swift"; sourceTree = "<group>"; };
		08D8319321D26FDB00C7620D /* UIView+extensions.swift */ = {isa = PBXFileReference; lastKnownFileType = sourcecode.swift; path = "UIView+extensions.swift"; sourceTree = "<group>"; };
		08D8319521D2717300C7620D /* Assets.xcassets */ = {isa = PBXFileReference; lastKnownFileType = folder.assetcatalog; path = Assets.xcassets; sourceTree = "<group>"; };
		5E8FA3AD468D0AFC05749642 /* BaseViewController.swift */ = {isa = PBXFileReference; fileEncoding = 4; lastKnownFileType = sourcecode.swift; path = BaseViewController.swift; sourceTree = "<group>"; };
		7FDAAD4B97725904EF8FDD9E /* Pods_TropicGuide.framework */ = {isa = PBXFileReference; explicitFileType = wrapper.framework; includeInIndex = 0; path = Pods_TropicGuide.framework; sourceTree = BUILT_PRODUCTS_DIR; };
		F1420D57870E90F5D82C2FE9 /* Pods-TropicGuide.release.xcconfig */ = {isa = PBXFileReference; includeInIndex = 1; lastKnownFileType = text.xcconfig; name = "Pods-TropicGuide.release.xcconfig"; path = "Pods/Target Support Files/Pods-TropicGuide/Pods-TropicGuide.release.xcconfig"; sourceTree = "<group>"; };
		F7CEC5537532B5BDBF891623 /* Pods-TropicGuide.debug.xcconfig */ = {isa = PBXFileReference; includeInIndex = 1; lastKnownFileType = text.xcconfig; name = "Pods-TropicGuide.debug.xcconfig"; path = "Pods/Target Support Files/Pods-TropicGuide/Pods-TropicGuide.debug.xcconfig"; sourceTree = "<group>"; };
/* End PBXFileReference section */

/* Begin PBXFrameworksBuildPhase section */
		08C9A8D421CCE2E60087140E /* Frameworks */ = {
			isa = PBXFrameworksBuildPhase;
			buildActionMask = 2147483647;
			files = (
				D16294ED3BD972A9AA397C9C /* Pods_TropicGuide.framework in Frameworks */,
			);
			runOnlyForDeploymentPostprocessing = 0;
		};
/* End PBXFrameworksBuildPhase section */

/* Begin PBXGroup section */
		08C9A8CE21CCE2E60087140E = {
			isa = PBXGroup;
			children = (
				08C9A8D921CCE2E60087140E /* TropicGuide */,
				08C9A8D821CCE2E60087140E /* Products */,
				CEE45A6BB0C908FDD416477A /* Pods */,
				515F9AB1D0463BB03C639D3A /* Frameworks */,
			);
			sourceTree = "<group>";
		};
		08C9A8D821CCE2E60087140E /* Products */ = {
			isa = PBXGroup;
			children = (
				08C9A8D721CCE2E60087140E /* TropicGuide.app */,
			);
			name = Products;
			sourceTree = "<group>";
		};
		08C9A8D921CCE2E60087140E /* TropicGuide */ = {
			isa = PBXGroup;
			children = (
				08C9A8EE21CCE4290087140E /* controllers */,
				08C9A8E021CCE2E60087140E /* Main.storyboard */,
				08C9A8E521CCE2E70087140E /* LaunchScreen.storyboard */,
				08D8319521D2717300C7620D /* Assets.xcassets */,
				08C9A8E821CCE2E70087140E /* Info.plist */,
			);
			path = TropicGuide;
			sourceTree = "<group>";
		};
		08C9A8EE21CCE4290087140E /* controllers */ = {
			isa = PBXGroup;
			children = (
				08C9A8FB21CCE84F0087140E /* extensions */,
				08C9A8FA21CCE5AD0087140E /* shared */,
				08C9A8EF21CCE4320087140E /* tab */,
				5E8FAF411C6C46D1FFCC9E74 /* base */,
			);
			path = controllers;
			sourceTree = "<group>";
		};
		08C9A8EF21CCE4320087140E /* tab */ = {
			isa = PBXGroup;
			children = (
				08C9A8F021CCE44F0087140E /* BaseTabBarControllerViewController.swift */,
				08C9A8F221CCE4E30087140E /* MapViewController.swift */,
				08C9A8F421CCE4F00087140E /* PlacesViewController.swift */,
				08C9A8F621CCE5180087140E /* ToursViewController.swift */,
				08C9A8F821CCE5280087140E /* InfosViewController.swift */,
			);
			path = tab;
			sourceTree = "<group>";
		};
		08C9A8FA21CCE5AD0087140E /* shared */ = {
			isa = PBXGroup;
			children = (
				08C9A8DA21CCE2E60087140E /* AppDelegate.swift */,
			);
			path = shared;
			sourceTree = "<group>";
		};
		08C9A8FB21CCE84F0087140E /* extensions */ = {
			isa = PBXGroup;
			children = (
				08C9A8FC21CCE8630087140E /* UIColor+Extensions.swift */,
				08D8319321D26FDB00C7620D /* UIView+extensions.swift */,
			);
			path = extensions;
			sourceTree = "<group>";
		};
		515F9AB1D0463BB03C639D3A /* Frameworks */ = {
			isa = PBXGroup;
			children = (
				7FDAAD4B97725904EF8FDD9E /* Pods_TropicGuide.framework */,
			);
			name = Frameworks;
			sourceTree = "<group>";
		};
		5E8FAF411C6C46D1FFCC9E74 /* base */ = {
			isa = PBXGroup;
			children = (
				5E8FA3AD468D0AFC05749642 /* BaseViewController.swift */,
			);
			path = base;
			sourceTree = "<group>";
		};
		CEE45A6BB0C908FDD416477A /* Pods */ = {
			isa = PBXGroup;
			children = (
				F7CEC5537532B5BDBF891623 /* Pods-TropicGuide.debug.xcconfig */,
				F1420D57870E90F5D82C2FE9 /* Pods-TropicGuide.release.xcconfig */,
			);
			name = Pods;
			sourceTree = "<group>";
		};
/* End PBXGroup section */

/* Begin PBXNativeTarget section */
		08C9A8D621CCE2E60087140E /* TropicGuide */ = {
			isa = PBXNativeTarget;
			buildConfigurationList = 08C9A8EB21CCE2E70087140E /* Build configuration list for PBXNativeTarget "TropicGuide" */;
			buildPhases = (
				D80BAEE56642BBDAAD20167B /* [CP] Check Pods Manifest.lock */,
				08C9A8D321CCE2E60087140E /* Sources */,
				08C9A8D421CCE2E60087140E /* Frameworks */,
				08C9A8D521CCE2E60087140E /* Resources */,
			);
			buildRules = (
			);
			dependencies = (
			);
			name = TropicGuide;
			productName = TropicGuide;
			productReference = 08C9A8D721CCE2E60087140E /* TropicGuide.app */;
			productType = "com.apple.product-type.application";
		};
/* End PBXNativeTarget section */

/* Begin PBXProject section */
		08C9A8CF21CCE2E60087140E /* Project object */ = {
			isa = PBXProject;
			attributes = {
				LastSwiftUpdateCheck = 1010;
				LastUpgradeCheck = 1010;
				ORGANIZATIONNAME = "Vladislav Kasatkin";
				TargetAttributes = {
					08C9A8D621CCE2E60087140E = {
						CreatedOnToolsVersion = 10.1;
					};
				};
			};
			buildConfigurationList = 08C9A8D221CCE2E60087140E /* Build configuration list for PBXProject "TropicGuide" */;
			compatibilityVersion = "Xcode 9.3";
			developmentRegion = en;
			hasScannedForEncodings = 0;
			knownRegions = (
				en,
				Base,
			);
			mainGroup = 08C9A8CE21CCE2E60087140E;
			productRefGroup = 08C9A8D821CCE2E60087140E /* Products */;
			projectDirPath = "";
			projectRoot = "";
			targets = (
				08C9A8D621CCE2E60087140E /* TropicGuide */,
			);
		};
/* End PBXProject section */

/* Begin PBXResourcesBuildPhase section */
		08C9A8D521CCE2E60087140E /* Resources */ = {
			isa = PBXResourcesBuildPhase;
			buildActionMask = 2147483647;
			files = (
				08C9A8E721CCE2E70087140E /* LaunchScreen.storyboard in Resources */,
				08D8319621D2717300C7620D /* Assets.xcassets in Resources */,
				08C9A8E221CCE2E60087140E /* Main.storyboard in Resources */,
			);
			runOnlyForDeploymentPostprocessing = 0;
		};
/* End PBXResourcesBuildPhase section */

/* Begin PBXShellScriptBuildPhase section */
		D80BAEE56642BBDAAD20167B /* [CP] Check Pods Manifest.lock */ = {
			isa = PBXShellScriptBuildPhase;
			buildActionMask = 2147483647;
			files = (
			);
			inputPaths = (
				"${PODS_PODFILE_DIR_PATH}/Podfile.lock",
				"${PODS_ROOT}/Manifest.lock",
			);
			name = "[CP] Check Pods Manifest.lock";
			outputPaths = (
				"$(DERIVED_FILE_DIR)/Pods-TropicGuide-checkManifestLockResult.txt",
			);
			runOnlyForDeploymentPostprocessing = 0;
			shellPath = /bin/sh;
			shellScript = "diff \"${PODS_PODFILE_DIR_PATH}/Podfile.lock\" \"${PODS_ROOT}/Manifest.lock\" > /dev/null\nif [ $? != 0 ] ; then\n    # print error to STDERR\n    echo \"error: The sandbox is not in sync with the Podfile.lock. Run 'pod install' or update your CocoaPods installation.\" >&2\n    exit 1\nfi\n# This output is used by Xcode 'outputs' to avoid re-running this script phase.\necho \"SUCCESS\" > \"${SCRIPT_OUTPUT_FILE_0}\"\n";
			showEnvVarsInLog = 0;
		};
/* End PBXShellScriptBuildPhase section */

/* Begin PBXSourcesBuildPhase section */
		08C9A8D321CCE2E60087140E /* Sources */ = {
			isa = PBXSourcesBuildPhase;
			buildActionMask = 2147483647;
			files = (
				08C9A8F521CCE4F00087140E /* PlacesViewController.swift in Sources */,
				08C9A8F921CCE5280087140E /* InfosViewController.swift in Sources */,
				08C9A8F121CCE44F0087140E /* BaseTabBarControllerViewController.swift in Sources */,
				08C9A8DB21CCE2E60087140E /* AppDelegate.swift in Sources */,
				08C9A8FD21CCE8630087140E /* UIColor+Extensions.swift in Sources */,
				08C9A8F321CCE4E30087140E /* MapViewController.swift in Sources */,
				08D8319421D26FDB00C7620D /* UIView+extensions.swift in Sources */,
				08C9A8F721CCE5180087140E /* ToursViewController.swift in Sources */,
				5E8FA69B38064ADD59CD00AF /* BaseViewController.swift in Sources */,
			);
			runOnlyForDeploymentPostprocessing = 0;
		};
/* End PBXSourcesBuildPhase section */

/* Begin PBXVariantGroup section */
		08C9A8E021CCE2E60087140E /* Main.storyboard */ = {
			isa = PBXVariantGroup;
			children = (
				08C9A8E121CCE2E60087140E /* Base */,
			);
			name = Main.storyboard;
			sourceTree = "<group>";
		};
		08C9A8E521CCE2E70087140E /* LaunchScreen.storyboard */ = {
			isa = PBXVariantGroup;
			children = (
				08C9A8E621CCE2E70087140E /* Base */,
			);
			name = LaunchScreen.storyboard;
			sourceTree = "<group>";
		};
/* End PBXVariantGroup section */

/* Begin XCBuildConfiguration section */
		08C9A8E921CCE2E70087140E /* Debug */ = {
			isa = XCBuildConfiguration;
			buildSettings = {
				ALWAYS_SEARCH_USER_PATHS = NO;
				CLANG_ANALYZER_NONNULL = YES;
				CLANG_ANALYZER_NUMBER_OBJECT_CONVERSION = YES_AGGRESSIVE;
				CLANG_CXX_LANGUAGE_STANDARD = "gnu++14";
				CLANG_CXX_LIBRARY = "libc++";
				CLANG_ENABLE_MODULES = YES;
				CLANG_ENABLE_OBJC_ARC = YES;
				CLANG_ENABLE_OBJC_WEAK = YES;
				CLANG_WARN_BLOCK_CAPTURE_AUTORELEASING = YES;
				CLANG_WARN_BOOL_CONVERSION = YES;
				CLANG_WARN_COMMA = YES;
				CLANG_WARN_CONSTANT_CONVERSION = YES;
				CLANG_WARN_DEPRECATED_OBJC_IMPLEMENTATIONS = YES;
				CLANG_WARN_DIRECT_OBJC_ISA_USAGE = YES_ERROR;
				CLANG_WARN_DOCUMENTATION_COMMENTS = YES;
				CLANG_WARN_EMPTY_BODY = YES;
				CLANG_WARN_ENUM_CONVERSION = YES;
				CLANG_WARN_INFINITE_RECURSION = YES;
				CLANG_WARN_INT_CONVERSION = YES;
				CLANG_WARN_NON_LITERAL_NULL_CONVERSION = YES;
				CLANG_WARN_OBJC_IMPLICIT_RETAIN_SELF = YES;
				CLANG_WARN_OBJC_LITERAL_CONVERSION = YES;
				CLANG_WARN_OBJC_ROOT_CLASS = YES_ERROR;
				CLANG_WARN_RANGE_LOOP_ANALYSIS = YES;
				CLANG_WARN_STRICT_PROTOTYPES = YES;
				CLANG_WARN_SUSPICIOUS_MOVE = YES;
				CLANG_WARN_UNGUARDED_AVAILABILITY = YES_AGGRESSIVE;
				CLANG_WARN_UNREACHABLE_CODE = YES;
				CLANG_WARN__DUPLICATE_METHOD_MATCH = YES;
				CODE_SIGN_IDENTITY = "iPhone Developer";
				COPY_PHASE_STRIP = NO;
				DEBUG_INFORMATION_FORMAT = dwarf;
				ENABLE_STRICT_OBJC_MSGSEND = YES;
				ENABLE_TESTABILITY = YES;
				GCC_C_LANGUAGE_STANDARD = gnu11;
				GCC_DYNAMIC_NO_PIC = NO;
				GCC_NO_COMMON_BLOCKS = YES;
				GCC_OPTIMIZATION_LEVEL = 0;
				GCC_PREPROCESSOR_DEFINITIONS = (
					"DEBUG=1",
					"$(inherited)",
				);
				GCC_WARN_64_TO_32_BIT_CONVERSION = YES;
				GCC_WARN_ABOUT_RETURN_TYPE = YES_ERROR;
				GCC_WARN_UNDECLARED_SELECTOR = YES;
				GCC_WARN_UNINITIALIZED_AUTOS = YES_AGGRESSIVE;
				GCC_WARN_UNUSED_FUNCTION = YES;
				GCC_WARN_UNUSED_VARIABLE = YES;
				IPHONEOS_DEPLOYMENT_TARGET = 12.1;
				MTL_ENABLE_DEBUG_INFO = INCLUDE_SOURCE;
				MTL_FAST_MATH = YES;
				ONLY_ACTIVE_ARCH = YES;
				SDKROOT = iphoneos;
				SWIFT_ACTIVE_COMPILATION_CONDITIONS = DEBUG;
				SWIFT_OPTIMIZATION_LEVEL = "-Onone";
			};
			name = Debug;
		};
		08C9A8EA21CCE2E70087140E /* Release */ = {
			isa = XCBuildConfiguration;
			buildSettings = {
				ALWAYS_SEARCH_USER_PATHS = NO;
				CLANG_ANALYZER_NONNULL = YES;
				CLANG_ANALYZER_NUMBER_OBJECT_CONVERSION = YES_AGGRESSIVE;
				CLANG_CXX_LANGUAGE_STANDARD = "gnu++14";
				CLANG_CXX_LIBRARY = "libc++";
				CLANG_ENABLE_MODULES = YES;
				CLANG_ENABLE_OBJC_ARC = YES;
				CLANG_ENABLE_OBJC_WEAK = YES;
				CLANG_WARN_BLOCK_CAPTURE_AUTORELEASING = YES;
				CLANG_WARN_BOOL_CONVERSION = YES;
				CLANG_WARN_COMMA = YES;
				CLANG_WARN_CONSTANT_CONVERSION = YES;
				CLANG_WARN_DEPRECATED_OBJC_IMPLEMENTATIONS = YES;
				CLANG_WARN_DIRECT_OBJC_ISA_USAGE = YES_ERROR;
				CLANG_WARN_DOCUMENTATION_COMMENTS = YES;
				CLANG_WARN_EMPTY_BODY = YES;
				CLANG_WARN_ENUM_CONVERSION = YES;
				CLANG_WARN_INFINITE_RECURSION = YES;
				CLANG_WARN_INT_CONVERSION = YES;
				CLANG_WARN_NON_LITERAL_NULL_CONVERSION = YES;
				CLANG_WARN_OBJC_IMPLICIT_RETAIN_SELF = YES;
				CLANG_WARN_OBJC_LITERAL_CONVERSION = YES;
				CLANG_WARN_OBJC_ROOT_CLASS = YES_ERROR;
				CLANG_WARN_RANGE_LOOP_ANALYSIS = YES;
				CLANG_WARN_STRICT_PROTOTYPES = YES;
				CLANG_WARN_SUSPICIOUS_MOVE = YES;
				CLANG_WARN_UNGUARDED_AVAILABILITY = YES_AGGRESSIVE;
				CLANG_WARN_UNREACHABLE_CODE = YES;
				CLANG_WARN__DUPLICATE_METHOD_MATCH = YES;
				CODE_SIGN_IDENTITY = "iPhone Developer";
				COPY_PHASE_STRIP = NO;
				DEBUG_INFORMATION_FORMAT = "dwarf-with-dsym";
				ENABLE_NS_ASSERTIONS = NO;
				ENABLE_STRICT_OBJC_MSGSEND = YES;
				GCC_C_LANGUAGE_STANDARD = gnu11;
				GCC_NO_COMMON_BLOCKS = YES;
				GCC_WARN_64_TO_32_BIT_CONVERSION = YES;
				GCC_WARN_ABOUT_RETURN_TYPE = YES_ERROR;
				GCC_WARN_UNDECLARED_SELECTOR = YES;
				GCC_WARN_UNINITIALIZED_AUTOS = YES_AGGRESSIVE;
				GCC_WARN_UNUSED_FUNCTION = YES;
				GCC_WARN_UNUSED_VARIABLE = YES;
				IPHONEOS_DEPLOYMENT_TARGET = 12.1;
				MTL_ENABLE_DEBUG_INFO = NO;
				MTL_FAST_MATH = YES;
				SDKROOT = iphoneos;
				SWIFT_COMPILATION_MODE = wholemodule;
				SWIFT_OPTIMIZATION_LEVEL = "-O";
				VALIDATE_PRODUCT = YES;
			};
			name = Release;
		};
		08C9A8EC21CCE2E70087140E /* Debug */ = {
			isa = XCBuildConfiguration;
			baseConfigurationReference = F7CEC5537532B5BDBF891623 /* Pods-TropicGuide.debug.xcconfig */;
			buildSettings = {
				ASSETCATALOG_COMPILER_APPICON_NAME = AppIcon;
				CODE_SIGN_STYLE = Automatic;
				DEVELOPMENT_TEAM = Z5JY8FBN26;
				INFOPLIST_FILE = TropicGuide/Info.plist;
				IPHONEOS_DEPLOYMENT_TARGET = 10.1;
				LD_RUNPATH_SEARCH_PATHS = (
					"$(inherited)",
					"@executable_path/Frameworks",
				);
				PRODUCT_BUNDLE_IDENTIFIER = com.hedgi.TropicGuide;
				PRODUCT_NAME = "$(TARGET_NAME)";
				SWIFT_VERSION = 4.2;
				TARGETED_DEVICE_FAMILY = 1;
			};
			name = Debug;
		};
		08C9A8ED21CCE2E70087140E /* Release */ = {
			isa = XCBuildConfiguration;
			baseConfigurationReference = F1420D57870E90F5D82C2FE9 /* Pods-TropicGuide.release.xcconfig */;
			buildSettings = {
				ASSETCATALOG_COMPILER_APPICON_NAME = AppIcon;
				CODE_SIGN_STYLE = Automatic;
				DEVELOPMENT_TEAM = Z5JY8FBN26;
				INFOPLIST_FILE = TropicGuide/Info.plist;
				IPHONEOS_DEPLOYMENT_TARGET = 10.1;
				LD_RUNPATH_SEARCH_PATHS = (
					"$(inherited)",
					"@executable_path/Frameworks",
				);
				PRODUCT_BUNDLE_IDENTIFIER = com.hedgi.TropicGuide;
				PRODUCT_NAME = "$(TARGET_NAME)";
				SWIFT_VERSION = 4.2;
				TARGETED_DEVICE_FAMILY = 1;
			};
			name = Release;
		};
/* End XCBuildConfiguration section */

/* Begin XCConfigurationList section */
		08C9A8D221CCE2E60087140E /* Build configuration list for PBXProject "TropicGuide" */ = {
			isa = XCConfigurationList;
			buildConfigurations = (
				08C9A8E921CCE2E70087140E /* Debug */,
				08C9A8EA21CCE2E70087140E /* Release */,
			);
			defaultConfigurationIsVisible = 0;
			defaultConfigurationName = Release;
		};
		08C9A8EB21CCE2E70087140E /* Build configuration list for PBXNativeTarget "TropicGuide" */ = {
			isa = XCConfigurationList;
			buildConfigurations = (
				08C9A8EC21CCE2E70087140E /* Debug */,
				08C9A8ED21CCE2E70087140E /* Release */,
			);
			defaultConfigurationIsVisible = 0;
			defaultConfigurationName = Release;
		};
/* End XCConfigurationList section */
	};
	rootObject = 08C9A8CF21CCE2E60087140E /* Project object */;
}
